
Microsoft Visual Studio Solution File, Format Version 12.00
# Visual Studio Version 16
VisualStudioVersion = 16.0.29424.173
MinimumVisualStudioVersion = 10.0.40219.1
Project("{9A19103F-16F7-4668-BE54-9A1E7A4F7556}") = "lingames", "lingames.csproj", "{9FA86251-D109-44C0-B25F-97AF081511D8}"
EndProject
Global
	GlobalSection(SolutionConfigurationPlatforms) = preSolution
		Debug|Any CPU = Debug|Any CPU
		Release|Any CPU = Release|Any CPU
	EndGlobalSection
	GlobalSection(ProjectConfigurationPlatforms) = postSolution
		{9FA86251-D109-44C0-B25F-97AF081511D8}.Debug|Any CPU.ActiveCfg = Debug|Any CPU
		{9FA86251-D109-44C0-B25F-97AF081511D8}.Debug|Any CPU.Build.0 = Debug|Any CPU
		{9FA86251-D109-44C0-B25F-97AF081511D8}.Release|Any CPU.ActiveCfg = Release|Any CPU
		{9FA86251-D109-44C0-B25F-97AF081511D8}.Release|Any CPU.Build.0 = Release|Any CPU
	EndGlobalSection
	GlobalSection(SolutionProperties) = preSolution
		HideSolutionNode = FALSE
	EndGlobalSection
	GlobalSection(ExtensibilityGlobals) = postSolution
		SolutionGuid = {87558B97-D898-4665-AB1D-BF35AA979B90}
	EndGlobalSection
EndGlobal
